
Microsoft Visual Studio Solution File, Format Version 12.00
# Visual Studio Version 17
VisualStudioVersion = 17.12.35707.178
MinimumVisualStudioVersion = 10.0.40219.1
Project("{FAE04EC0-301F-11D3-BF4B-00C04F79EFBC}") = "PracticaCRUD-Producto", "PracticaCRUD-Producto\PracticaCRUD-Producto.csproj", "{FFAD048B-4189-4ACD-A718-30F1E0ACDD40}"
EndProject
Project("{FAE04EC0-301F-11D3-BF4B-00C04F79EFBC}") = "ProductosCRUD.Client", "ProductosCRUD.Client\ProductosCRUD.Client.csproj", "{6DA1EA7E-5C19-D859-A93B-2681E735E854}"
EndProject
Global
	GlobalSection(SolutionConfigurationPlatforms) = preSolution
		Debug|Any CPU = Debug|Any CPU
		Release|Any CPU = Release|Any CPU
	EndGlobalSection
	GlobalSection(ProjectConfigurationPlatforms) = postSolution
		{FFAD048B-4189-4ACD-A718-30F1E0ACDD40}.Debug|Any CPU.ActiveCfg = Debug|Any CPU
		{FFAD048B-4189-4ACD-A718-30F1E0ACDD40}.Debug|Any CPU.Build.0 = Debug|Any CPU
		{FFAD048B-4189-4ACD-A718-30F1E0ACDD40}.Release|Any CPU.ActiveCfg = Release|Any CPU
		{FFAD048B-4189-4ACD-A718-30F1E0ACDD40}.Release|Any CPU.Build.0 = Release|Any CPU
		{6DA1EA7E-5C19-D859-A93B-2681E735E854}.Debug|Any CPU.ActiveCfg = Debug|Any CPU
		{6DA1EA7E-5C19-D859-A93B-2681E735E854}.Debug|Any CPU.Build.0 = Debug|Any CPU
		{6DA1EA7E-5C19-D859-A93B-2681E735E854}.Release|Any CPU.ActiveCfg = Release|Any CPU
		{6DA1EA7E-5C19-D859-A93B-2681E735E854}.Release|Any CPU.Build.0 = Release|Any CPU
	EndGlobalSection
	GlobalSection(SolutionProperties) = preSolution
		HideSolutionNode = FALSE
	EndGlobalSection
	GlobalSection(ExtensibilityGlobals) = postSolution
		SolutionGuid = {06A10F13-D2E1-4992-86F5-390A270C1809}
	EndGlobalSection
EndGlobal
